
Microsoft Visual Studio Solution File, Format Version 12.00
# 
Project("{FAE04EC0-301F-11D3-BF4B-00C04F79EFBC}") = "LUtil", "LUtil\LUtil.csproj", "{1DD748A4-F4C3-4A89-98B5-2A5825849755}"
EndProject
Project("{FAE04EC0-301F-11D3-BF4B-00C04F79EFBC}") = "LUtil.Test", "LUtil.Test\LUtil.Test.csproj", "{A9E4C697-5BEB-45F6-9336-C8AAFBBA47D1}"
EndProject
Project("{FAE04EC0-301F-11D3-BF4B-00C04F79EFBC}") = "LUtil.EntityFramework", "LUtil.EntityFramework\LUtil.EntityFramework.csproj", "{D1DD83DE-86F1-4452-B1DC-C9E6492FDD2A}"
EndProject
Global
	GlobalSection(SolutionConfigurationPlatforms) = preSolution
		Debug|Any CPU = Debug|Any CPU
		Release|Any CPU = Release|Any CPU
	EndGlobalSection
	GlobalSection(ProjectConfigurationPlatforms) = postSolution
		{1DD748A4-F4C3-4A89-98B5-2A5825849755}.Debug|Any CPU.ActiveCfg = Debug|Any CPU
		{1DD748A4-F4C3-4A89-98B5-2A5825849755}.Debug|Any CPU.Build.0 = Debug|Any CPU
		{1DD748A4-F4C3-4A89-98B5-2A5825849755}.Release|Any CPU.ActiveCfg = Release|Any CPU
		{1DD748A4-F4C3-4A89-98B5-2A5825849755}.Release|Any CPU.Build.0 = Release|Any CPU
		{A9E4C697-5BEB-45F6-9336-C8AAFBBA47D1}.Debug|Any CPU.ActiveCfg = Debug|Any CPU
		{A9E4C697-5BEB-45F6-9336-C8AAFBBA47D1}.Debug|Any CPU.Build.0 = Debug|Any CPU
		{A9E4C697-5BEB-45F6-9336-C8AAFBBA47D1}.Release|Any CPU.ActiveCfg = Release|Any CPU
		{A9E4C697-5BEB-45F6-9336-C8AAFBBA47D1}.Release|Any CPU.Build.0 = Release|Any CPU
		{D1DD83DE-86F1-4452-B1DC-C9E6492FDD2A}.Debug|Any CPU.ActiveCfg = Debug|Any CPU
		{D1DD83DE-86F1-4452-B1DC-C9E6492FDD2A}.Debug|Any CPU.Build.0 = Debug|Any CPU
		{D1DD83DE-86F1-4452-B1DC-C9E6492FDD2A}.Release|Any CPU.ActiveCfg = Release|Any CPU
		{D1DD83DE-86F1-4452-B1DC-C9E6492FDD2A}.Release|Any CPU.Build.0 = Release|Any CPU
	EndGlobalSection
EndGlobal
